lockfileVersion: '9.0'

settings:
  autoInstallPeers: true
  excludeLinksFromLockfile: false

importers:

  .:
    dependencies:
      tinymce:
        specifier: ^6.8.5
        version: 6.8.5

packages:

  tinymce@6.8.5:
    resolution: {integrity: sha512-qAL/FxL7cwZHj4BfaF818zeJJizK9jU5IQzTcSLL4Rj5MaJdiVblEj7aDr80VCV1w9h4Lak9hlnALhq/kVtN1g==}

snapshots:

  tinymce@6.8.5: {}
